{
    "name": "@kpm-at-hfi/alfred-alerts-reference",
    "version": "0.2.0",
    "lockfileVersion": 2,
    "requires": true,
    "packages": {
        "": {
            "name": "@kpm-at-hfi/alfred-alerts-reference",
            "version": "0.2.0",
            "license": "ISC",
            "engines": {
                "node": "^12.20.0 || ^14.13.1 || >=16.0.0"
            }
        }
    }
}
